
Microsoft Visual Studio Solution File, Format Version 12.00
# Visual Studio Version 16
VisualStudioVersion = 16.0.30011.22
MinimumVisualStudioVersion = 10.0.40219.1
Project("{9A19103F-16F7-4668-BE54-9A1E7A4F7556}") = "Entities", "Entities\Entities.csproj", "{FA5030DD-21B3-472A-8225-1BB4BD8EC7EE}"
EndProject
Project("{9A19103F-16F7-4668-BE54-9A1E7A4F7556}") = "Core", "Core\Core.csproj", "{B5981012-830C-428D-BD40-B733FC50B280}"
EndProject
Project("{9A19103F-16F7-4668-BE54-9A1E7A4F7556}") = "DataAccess", "DataAccess\DataAccess.csproj", "{FB3AD99F-220F-4D2E-9641-EE40D05D2EC4}"
EndProject
Project("{9A19103F-16F7-4668-BE54-9A1E7A4F7556}") = "Business", "Business\Business.csproj", "{DE7A54C7-BB8A-4A9F-B43F-21AB399FCBCA}"
EndProject
Project("{9A19103F-16F7-4668-BE54-9A1E7A4F7556}") = "WebAPI", "WebAPI2\WebAPI.csproj", "{10FAFB66-D9C0-42D5-906D-447FDE5F7C20}"
EndProject
Global
	GlobalSection(SolutionConfigurationPlatforms) = preSolution
		Debug|Any CPU = Debug|Any CPU
		Release|Any CPU = Release|Any CPU
	EndGlobalSection
	GlobalSection(ProjectConfigurationPlatforms) = postSolution
		{FA5030DD-21B3-472A-8225-1BB4BD8EC7EE}.Debug|Any CPU.ActiveCfg = Debug|Any CPU
		{FA5030DD-21B3-472A-8225-1BB4BD8EC7EE}.Debug|Any CPU.Build.0 = Debug|Any CPU
		{FA5030DD-21B3-472A-8225-1BB4BD8EC7EE}.Release|Any CPU.ActiveCfg = Release|Any CPU
		{FA5030DD-21B3-472A-8225-1BB4BD8EC7EE}.Release|Any CPU.Build.0 = Release|Any CPU
		{B5981012-830C-428D-BD40-B733FC50B280}.Debug|Any CPU.ActiveCfg = Debug|Any CPU
		{B5981012-830C-428D-BD40-B733FC50B280}.Debug|Any CPU.Build.0 = Debug|Any CPU
		{B5981012-830C-428D-BD40-B733FC50B280}.Release|Any CPU.ActiveCfg = Release|Any CPU
		{B5981012-830C-428D-BD40-B733FC50B280}.Release|Any CPU.Build.0 = Release|Any CPU
		{FB3AD99F-220F-4D2E-9641-EE40D05D2EC4}.Debug|Any CPU.ActiveCfg = Debug|Any CPU
		{FB3AD99F-220F-4D2E-9641-EE40D05D2EC4}.Debug|Any CPU.Build.0 = Debug|Any CPU
		{FB3AD99F-220F-4D2E-9641-EE40D05D2EC4}.Release|Any CPU.ActiveCfg = Release|Any CPU
		{FB3AD99F-220F-4D2E-9641-EE40D05D2EC4}.Release|Any CPU.Build.0 = Release|Any CPU
		{DE7A54C7-BB8A-4A9F-B43F-21AB399FCBCA}.Debug|Any CPU.ActiveCfg = Debug|Any CPU
		{DE7A54C7-BB8A-4A9F-B43F-21AB399FCBCA}.Debug|Any CPU.Build.0 = Debug|Any CPU
		{DE7A54C7-BB8A-4A9F-B43F-21AB399FCBCA}.Release|Any CPU.ActiveCfg = Release|Any CPU
		{DE7A54C7-BB8A-4A9F-B43F-21AB399FCBCA}.Release|Any CPU.Build.0 = Release|Any CPU
		{10FAFB66-D9C0-42D5-906D-447FDE5F7C20}.Debug|Any CPU.ActiveCfg = Debug|Any CPU
		{10FAFB66-D9C0-42D5-906D-447FDE5F7C20}.Debug|Any CPU.Build.0 = Debug|Any CPU
		{10FAFB66-D9C0-42D5-906D-447FDE5F7C20}.Release|Any CPU.ActiveCfg = Release|Any CPU
		{10FAFB66-D9C0-42D5-906D-447FDE5F7C20}.Release|Any CPU.Build.0 = Release|Any CPU
	EndGlobalSection
	GlobalSection(SolutionProperties) = preSolution
		HideSolutionNode = FALSE
	EndGlobalSection
	GlobalSection(ExtensibilityGlobals) = postSolution
		SolutionGuid = {5DBE02FB-DC3C-4FE1-8865-C5F616A2CA7D}
	EndGlobalSection
EndGlobal
